
Microsoft Visual Studio Solution File, Format Version 12.00
# Visual Studio Version 17
VisualStudioVersion = 17.14.36401.2 d17.14
MinimumVisualStudioVersion = 10.0.40219.1
Project("{2150E333-8FDC-42A3-9474-1A3956D46DE8}") = "src", "src", "{02EA681E-C7D8-13C7-8484-4AC65E1B71E8}"
EndProject
Project("{2150E333-8FDC-42A3-9474-1A3956D46DE8}") = "Core", "Core", "{CB034E9E-19F7-4652-8F8A-0BF1C620D351}"
EndProject
Project("{2150E333-8FDC-42A3-9474-1A3956D46DE8}") = "Infrastructure", "Infrastructure", "{E5DD9F95-B8A6-4009-9E44-5F1CAD82CEFB}"
EndProject
Project("{2150E333-8FDC-42A3-9474-1A3956D46DE8}") = "UI", "UI", "{8003A057-10D5-449E-9C4A-D19A4EEEF848}"
EndProject
Project("{FAE04EC0-301F-11D3-BF4B-00C04F79EFBC}") = "Domain", "Domain\Domain.csproj", "{20E45EA0-94B8-4CD7-A249-28A2EC4B6BD5}"
EndProject
Project("{FAE04EC0-301F-11D3-BF4B-00C04F79EFBC}") = "Application", "Application\Application.csproj", "{6C9C3E26-25B6-45BA-8AC0-465E836B7730}"
EndProject
Project("{FAE04EC0-301F-11D3-BF4B-00C04F79EFBC}") = "Infrastructure", "Infrastructure\Infrastructure.csproj", "{D718ED8B-7A15-4EE8-83AA-646DFC042E8A}"
EndProject
Project("{FAE04EC0-301F-11D3-BF4B-00C04F79EFBC}") = "Persistence", "Persistence\Persistence.csproj", "{B281EB6E-398B-43C1-86F2-58C5DDEBBF30}"
EndProject
Project("{FAE04EC0-301F-11D3-BF4B-00C04F79EFBC}") = "Client", "Client\Client\Client.csproj", "{D590FA8C-2314-4B2C-A19B-CBB74F567D62}"
EndProject
Project("{FAE04EC0-301F-11D3-BF4B-00C04F79EFBC}") = "Client.Client", "Client\Client.Client\Client.Client.csproj", "{FF2C8105-18B2-4A19-9BA8-2634BAF6AFC7}"
EndProject
Global
	GlobalSection(SolutionConfigurationPlatforms) = preSolution
		Debug|Any CPU = Debug|Any CPU
		Release|Any CPU = Release|Any CPU
	EndGlobalSection
	GlobalSection(ProjectConfigurationPlatforms) = postSolution
		{20E45EA0-94B8-4CD7-A249-28A2EC4B6BD5}.Debug|Any CPU.ActiveCfg = Debug|Any CPU
		{20E45EA0-94B8-4CD7-A249-28A2EC4B6BD5}.Debug|Any CPU.Build.0 = Debug|Any CPU
		{20E45EA0-94B8-4CD7-A249-28A2EC4B6BD5}.Release|Any CPU.ActiveCfg = Release|Any CPU
		{20E45EA0-94B8-4CD7-A249-28A2EC4B6BD5}.Release|Any CPU.Build.0 = Release|Any CPU
		{6C9C3E26-25B6-45BA-8AC0-465E836B7730}.Debug|Any CPU.ActiveCfg = Debug|Any CPU
		{6C9C3E26-25B6-45BA-8AC0-465E836B7730}.Debug|Any CPU.Build.0 = Debug|Any CPU
		{6C9C3E26-25B6-45BA-8AC0-465E836B7730}.Release|Any CPU.ActiveCfg = Release|Any CPU
		{6C9C3E26-25B6-45BA-8AC0-465E836B7730}.Release|Any CPU.Build.0 = Release|Any CPU
		{D718ED8B-7A15-4EE8-83AA-646DFC042E8A}.Debug|Any CPU.ActiveCfg = Debug|Any CPU
		{D718ED8B-7A15-4EE8-83AA-646DFC042E8A}.Debug|Any CPU.Build.0 = Debug|Any CPU
		{D718ED8B-7A15-4EE8-83AA-646DFC042E8A}.Release|Any CPU.ActiveCfg = Release|Any CPU
		{D718ED8B-7A15-4EE8-83AA-646DFC042E8A}.Release|Any CPU.Build.0 = Release|Any CPU
		{B281EB6E-398B-43C1-86F2-58C5DDEBBF30}.Debug|Any CPU.ActiveCfg = Debug|Any CPU
		{B281EB6E-398B-43C1-86F2-58C5DDEBBF30}.Debug|Any CPU.Build.0 = Debug|Any CPU
		{B281EB6E-398B-43C1-86F2-58C5DDEBBF30}.Release|Any CPU.ActiveCfg = Release|Any CPU
		{B281EB6E-398B-43C1-86F2-58C5DDEBBF30}.Release|Any CPU.Build.0 = Release|Any CPU
		{D590FA8C-2314-4B2C-A19B-CBB74F567D62}.Debug|Any CPU.ActiveCfg = Debug|Any CPU
		{D590FA8C-2314-4B2C-A19B-CBB74F567D62}.Debug|Any CPU.Build.0 = Debug|Any CPU
		{D590FA8C-2314-4B2C-A19B-CBB74F567D62}.Release|Any CPU.ActiveCfg = Release|Any CPU
		{D590FA8C-2314-4B2C-A19B-CBB74F567D62}.Release|Any CPU.Build.0 = Release|Any CPU
		{FF2C8105-18B2-4A19-9BA8-2634BAF6AFC7}.Debug|Any CPU.ActiveCfg = Debug|Any CPU
		{FF2C8105-18B2-4A19-9BA8-2634BAF6AFC7}.Debug|Any CPU.Build.0 = Debug|Any CPU
		{FF2C8105-18B2-4A19-9BA8-2634BAF6AFC7}.Release|Any CPU.ActiveCfg = Release|Any CPU
		{FF2C8105-18B2-4A19-9BA8-2634BAF6AFC7}.Release|Any CPU.Build.0 = Release|Any CPU
	EndGlobalSection
	GlobalSection(SolutionProperties) = preSolution
		HideSolutionNode = FALSE
	EndGlobalSection
	GlobalSection(NestedProjects) = preSolution
		{CB034E9E-19F7-4652-8F8A-0BF1C620D351} = {02EA681E-C7D8-13C7-8484-4AC65E1B71E8}
		{E5DD9F95-B8A6-4009-9E44-5F1CAD82CEFB} = {02EA681E-C7D8-13C7-8484-4AC65E1B71E8}
		{8003A057-10D5-449E-9C4A-D19A4EEEF848} = {02EA681E-C7D8-13C7-8484-4AC65E1B71E8}
		{20E45EA0-94B8-4CD7-A249-28A2EC4B6BD5} = {CB034E9E-19F7-4652-8F8A-0BF1C620D351}
		{6C9C3E26-25B6-45BA-8AC0-465E836B7730} = {CB034E9E-19F7-4652-8F8A-0BF1C620D351}
		{D718ED8B-7A15-4EE8-83AA-646DFC042E8A} = {E5DD9F95-B8A6-4009-9E44-5F1CAD82CEFB}
		{B281EB6E-398B-43C1-86F2-58C5DDEBBF30} = {E5DD9F95-B8A6-4009-9E44-5F1CAD82CEFB}
		{D590FA8C-2314-4B2C-A19B-CBB74F567D62} = {8003A057-10D5-449E-9C4A-D19A4EEEF848}
		{FF2C8105-18B2-4A19-9BA8-2634BAF6AFC7} = {8003A057-10D5-449E-9C4A-D19A4EEEF848}
	EndGlobalSection
	GlobalSection(ExtensibilityGlobals) = postSolution
		SolutionGuid = {62DCF971-2C65-4FF4-9106-D5722D4B9A7A}
	EndGlobalSection
EndGlobal
